{"filter":false,"title":"Gemfile.lock","tooltip":"/rail_projects/Test_app/Gemfile.lock","undoManager":{"mark":-1,"position":-1,"stack":[]},"ace":{"folds":[],"scrolltop":0,"scrollleft":0,"selection":{"start":{"row":0,"column":0},"end":{"row":0,"column":0},"isBackwards":false},"options":{"guessTabSize":true,"useWrapMode":false,"wrapToView":true},"firstLineState":0},"timestamp":1520490395034,"hash":"a623909a20260b35ee4de5156d0c6437ef2ad047"}